
Microsoft Visual Studio Solution File, Format Version 12.00
# Visual Studio 11
Project("{2150E333-8FDC-42A3-9474-1A3956D46DE8}") = "DownloadPage", "DownloadPage", "{D82A6019-E12A-42B9-81AE-EE2A3141498A}"
EndProject
Project("{FAE04EC0-301F-11D3-BF4B-00C04F79EFBC}") = "DownloadPage.BeginEnd", "DownloadPage.BeginEnd\DownloadPage.BeginEnd.csproj", "{A5D4CDB3-FABB-45E5-A971-3F25AFD041F2}"
EndProject
Project("{2150E333-8FDC-42A3-9474-1A3956D46DE8}") = "CallerInfo", "CallerInfo", "{89E7E326-7919-43A8-9EC7-A74C0FA27E41}"
EndProject
Project("{FAE04EC0-301F-11D3-BF4B-00C04F79EFBC}") = "CallerInfo", "CallerInfo\CallerInfo.csproj", "{34628AC4-1E0A-426C-8FAE-540A7EAA079E}"
EndProject
Project("{FAE04EC0-301F-11D3-BF4B-00C04F79EFBC}") = "DownloadPage.Reactive", "DownloadPage.Reactive\DownloadPage.Reactive.csproj", "{CA1A8F78-2D5B-4829-A373-C26834B97B6C}"
EndProject
Project("{FAE04EC0-301F-11D3-BF4B-00C04F79EFBC}") = "DownloadPage.Async", "DownloadPage.Async\DownloadPage.Async.csproj", "{9A836121-5E40-4297-9AA6-811E05644A44}"
EndProject
Project("{2150E333-8FDC-42A3-9474-1A3956D46DE8}") = "Performance", "Performance", "{9684ACDD-903E-425C-A0D6-13FD20FE7DFF}"
EndProject
Project("{FAE04EC0-301F-11D3-BF4B-00C04F79EFBC}") = "Performance.WebApp", "Performance.WebApp\Performance.WebApp.csproj", "{C8DF09F7-35B5-40C3-BECA-A1FE895C3E0F}"
EndProject
Project("{FAE04EC0-301F-11D3-BF4B-00C04F79EFBC}") = "Performance.ExternalService", "Performance.ExternalService\Performance.ExternalService.csproj", "{F573F47B-51B0-44EC-9BAA-DD40D7DFAF07}"
EndProject
Global
	GlobalSection(SolutionConfigurationPlatforms) = preSolution
		Debug|Any CPU = Debug|Any CPU
		Release|Any CPU = Release|Any CPU
	EndGlobalSection
	GlobalSection(ProjectConfigurationPlatforms) = postSolution
		{34628AC4-1E0A-426C-8FAE-540A7EAA079E}.Debug|Any CPU.ActiveCfg = Debug|Any CPU
		{34628AC4-1E0A-426C-8FAE-540A7EAA079E}.Debug|Any CPU.Build.0 = Debug|Any CPU
		{34628AC4-1E0A-426C-8FAE-540A7EAA079E}.Release|Any CPU.ActiveCfg = Release|Any CPU
		{34628AC4-1E0A-426C-8FAE-540A7EAA079E}.Release|Any CPU.Build.0 = Release|Any CPU
		{9A836121-5E40-4297-9AA6-811E05644A44}.Debug|Any CPU.ActiveCfg = Debug|Any CPU
		{9A836121-5E40-4297-9AA6-811E05644A44}.Debug|Any CPU.Build.0 = Debug|Any CPU
		{9A836121-5E40-4297-9AA6-811E05644A44}.Release|Any CPU.ActiveCfg = Release|Any CPU
		{9A836121-5E40-4297-9AA6-811E05644A44}.Release|Any CPU.Build.0 = Release|Any CPU
		{A5D4CDB3-FABB-45E5-A971-3F25AFD041F2}.Debug|Any CPU.ActiveCfg = Debug|Any CPU
		{A5D4CDB3-FABB-45E5-A971-3F25AFD041F2}.Debug|Any CPU.Build.0 = Debug|Any CPU
		{A5D4CDB3-FABB-45E5-A971-3F25AFD041F2}.Release|Any CPU.ActiveCfg = Release|Any CPU
		{A5D4CDB3-FABB-45E5-A971-3F25AFD041F2}.Release|Any CPU.Build.0 = Release|Any CPU
		{C8DF09F7-35B5-40C3-BECA-A1FE895C3E0F}.Debug|Any CPU.ActiveCfg = Debug|Any CPU
		{C8DF09F7-35B5-40C3-BECA-A1FE895C3E0F}.Debug|Any CPU.Build.0 = Debug|Any CPU
		{C8DF09F7-35B5-40C3-BECA-A1FE895C3E0F}.Release|Any CPU.ActiveCfg = Release|Any CPU
		{C8DF09F7-35B5-40C3-BECA-A1FE895C3E0F}.Release|Any CPU.Build.0 = Release|Any CPU
		{CA1A8F78-2D5B-4829-A373-C26834B97B6C}.Debug|Any CPU.ActiveCfg = Debug|Any CPU
		{CA1A8F78-2D5B-4829-A373-C26834B97B6C}.Debug|Any CPU.Build.0 = Debug|Any CPU
		{CA1A8F78-2D5B-4829-A373-C26834B97B6C}.Release|Any CPU.ActiveCfg = Release|Any CPU
		{CA1A8F78-2D5B-4829-A373-C26834B97B6C}.Release|Any CPU.Build.0 = Release|Any CPU
		{F573F47B-51B0-44EC-9BAA-DD40D7DFAF07}.Debug|Any CPU.ActiveCfg = Debug|Any CPU
		{F573F47B-51B0-44EC-9BAA-DD40D7DFAF07}.Debug|Any CPU.Build.0 = Debug|Any CPU
		{F573F47B-51B0-44EC-9BAA-DD40D7DFAF07}.Release|Any CPU.ActiveCfg = Release|Any CPU
		{F573F47B-51B0-44EC-9BAA-DD40D7DFAF07}.Release|Any CPU.Build.0 = Release|Any CPU
	EndGlobalSection
	GlobalSection(SolutionProperties) = preSolution
		HideSolutionNode = FALSE
	EndGlobalSection
	GlobalSection(NestedProjects) = preSolution
		{34628AC4-1E0A-426C-8FAE-540A7EAA079E} = {89E7E326-7919-43A8-9EC7-A74C0FA27E41}
		{9A836121-5E40-4297-9AA6-811E05644A44} = {D82A6019-E12A-42B9-81AE-EE2A3141498A}
		{A5D4CDB3-FABB-45E5-A971-3F25AFD041F2} = {D82A6019-E12A-42B9-81AE-EE2A3141498A}
		{C8DF09F7-35B5-40C3-BECA-A1FE895C3E0F} = {9684ACDD-903E-425C-A0D6-13FD20FE7DFF}
		{CA1A8F78-2D5B-4829-A373-C26834B97B6C} = {D82A6019-E12A-42B9-81AE-EE2A3141498A}
		{F573F47B-51B0-44EC-9BAA-DD40D7DFAF07} = {9684ACDD-903E-425C-A0D6-13FD20FE7DFF}
	EndGlobalSection
EndGlobal
